<Solution>
  <Folder Name="/src/">
    <Project Path="src/SgaAutoEletrica.Application/SgaAutoEletrica.Application.csproj" />
    <Project Path="src/SgaAutoEletrica.Domain/SgaAutoEletrica.Domain.csproj" />
    <Project Path="src/SgaAutoEletrica.Infrastructure/SgaAutoEletrica.Infrastructure.csproj" />
    <Project Path="src/SgaAutoEletrica.Migrator/SgaAutoEletrica.Migrator.csproj" />
  </Folder>
</Solution>
